
Microsoft Visual Studio Solution File, Format Version 12.00
# Visual Studio 15
VisualStudioVersion = 15.0.26124.0
MinimumVisualStudioVersion = 15.0.26124.0
Project("{FAE04EC0-301F-11D3-BF4B-00C04F79EFBC}") = "Domain", "Domain\Domain.csproj", "{51044B35-136F-4E85-A000-9C092E580D6A}"
EndProject
Project("{FAE04EC0-301F-11D3-BF4B-00C04F79EFBC}") = "Application", "Application\Application.csproj", "{7339A202-EF03-4309-BAF2-CA19D9FA91C1}"
EndProject
Project("{FAE04EC0-301F-11D3-BF4B-00C04F79EFBC}") = "Persistence", "Persistence\Persistence.csproj", "{76B05A4A-58CA-436A-A4A6-12E1F1C24935}"
EndProject
Project("{FAE04EC0-301F-11D3-BF4B-00C04F79EFBC}") = "API", "API\API.csproj", "{AE069CF9-3122-4D69-BD33-72E21F14F6C0}"
EndProject
Global
	GlobalSection(SolutionConfigurationPlatforms) = preSolution
		Debug|Any CPU = Debug|Any CPU
		Debug|x64 = Debug|x64
		Debug|x86 = Debug|x86
		Release|Any CPU = Release|Any CPU
		Release|x64 = Release|x64
		Release|x86 = Release|x86
	EndGlobalSection
	GlobalSection(SolutionProperties) = preSolution
		HideSolutionNode = FALSE
	EndGlobalSection
	GlobalSection(ProjectConfigurationPlatforms) = postSolution
		{51044B35-136F-4E85-A000-9C092E580D6A}.Debug|Any CPU.ActiveCfg = Debug|Any CPU
		{51044B35-136F-4E85-A000-9C092E580D6A}.Debug|Any CPU.Build.0 = Debug|Any CPU
		{51044B35-136F-4E85-A000-9C092E580D6A}.Debug|x64.ActiveCfg = Debug|Any CPU
		{51044B35-136F-4E85-A000-9C092E580D6A}.Debug|x64.Build.0 = Debug|Any CPU
		{51044B35-136F-4E85-A000-9C092E580D6A}.Debug|x86.ActiveCfg = Debug|Any CPU
		{51044B35-136F-4E85-A000-9C092E580D6A}.Debug|x86.Build.0 = Debug|Any CPU
		{51044B35-136F-4E85-A000-9C092E580D6A}.Release|Any CPU.ActiveCfg = Release|Any CPU
		{51044B35-136F-4E85-A000-9C092E580D6A}.Release|Any CPU.Build.0 = Release|Any CPU
		{51044B35-136F-4E85-A000-9C092E580D6A}.Release|x64.ActiveCfg = Release|Any CPU
		{51044B35-136F-4E85-A000-9C092E580D6A}.Release|x64.Build.0 = Release|Any CPU
		{51044B35-136F-4E85-A000-9C092E580D6A}.Release|x86.ActiveCfg = Release|Any CPU
		{51044B35-136F-4E85-A000-9C092E580D6A}.Release|x86.Build.0 = Release|Any CPU
		{7339A202-EF03-4309-BAF2-CA19D9FA91C1}.Debug|Any CPU.ActiveCfg = Debug|Any CPU
		{7339A202-EF03-4309-BAF2-CA19D9FA91C1}.Debug|Any CPU.Build.0 = Debug|Any CPU
		{7339A202-EF03-4309-BAF2-CA19D9FA91C1}.Debug|x64.ActiveCfg = Debug|Any CPU
		{7339A202-EF03-4309-BAF2-CA19D9FA91C1}.Debug|x64.Build.0 = Debug|Any CPU
		{7339A202-EF03-4309-BAF2-CA19D9FA91C1}.Debug|x86.ActiveCfg = Debug|Any CPU
		{7339A202-EF03-4309-BAF2-CA19D9FA91C1}.Debug|x86.Build.0 = Debug|Any CPU
		{7339A202-EF03-4309-BAF2-CA19D9FA91C1}.Release|Any CPU.ActiveCfg = Release|Any CPU
		{7339A202-EF03-4309-BAF2-CA19D9FA91C1}.Release|Any CPU.Build.0 = Release|Any CPU
		{7339A202-EF03-4309-BAF2-CA19D9FA91C1}.Release|x64.ActiveCfg = Release|Any CPU
		{7339A202-EF03-4309-BAF2-CA19D9FA91C1}.Release|x64.Build.0 = Release|Any CPU
		{7339A202-EF03-4309-BAF2-CA19D9FA91C1}.Release|x86.ActiveCfg = Release|Any CPU
		{7339A202-EF03-4309-BAF2-CA19D9FA91C1}.Release|x86.Build.0 = Release|Any CPU
		{76B05A4A-58CA-436A-A4A6-12E1F1C24935}.Debug|Any CPU.ActiveCfg = Debug|Any CPU
		{76B05A4A-58CA-436A-A4A6-12E1F1C24935}.Debug|Any CPU.Build.0 = Debug|Any CPU
		{76B05A4A-58CA-436A-A4A6-12E1F1C24935}.Debug|x64.ActiveCfg = Debug|Any CPU
		{76B05A4A-58CA-436A-A4A6-12E1F1C24935}.Debug|x64.Build.0 = Debug|Any CPU
		{76B05A4A-58CA-436A-A4A6-12E1F1C24935}.Debug|x86.ActiveCfg = Debug|Any CPU
		{76B05A4A-58CA-436A-A4A6-12E1F1C24935}.Debug|x86.Build.0 = Debug|Any CPU
		{76B05A4A-58CA-436A-A4A6-12E1F1C24935}.Release|Any CPU.ActiveCfg = Release|Any CPU
		{76B05A4A-58CA-436A-A4A6-12E1F1C24935}.Release|Any CPU.Build.0 = Release|Any CPU
		{76B05A4A-58CA-436A-A4A6-12E1F1C24935}.Release|x64.ActiveCfg = Release|Any CPU
		{76B05A4A-58CA-436A-A4A6-12E1F1C24935}.Release|x64.Build.0 = Release|Any CPU
		{76B05A4A-58CA-436A-A4A6-12E1F1C24935}.Release|x86.ActiveCfg = Release|Any CPU
		{76B05A4A-58CA-436A-A4A6-12E1F1C24935}.Release|x86.Build.0 = Release|Any CPU
		{AE069CF9-3122-4D69-BD33-72E21F14F6C0}.Debug|Any CPU.ActiveCfg = Debug|Any CPU
		{AE069CF9-3122-4D69-BD33-72E21F14F6C0}.Debug|Any CPU.Build.0 = Debug|Any CPU
		{AE069CF9-3122-4D69-BD33-72E21F14F6C0}.Debug|x64.ActiveCfg = Debug|Any CPU
		{AE069CF9-3122-4D69-BD33-72E21F14F6C0}.Debug|x64.Build.0 = Debug|Any CPU
		{AE069CF9-3122-4D69-BD33-72E21F14F6C0}.Debug|x86.ActiveCfg = Debug|Any CPU
		{AE069CF9-3122-4D69-BD33-72E21F14F6C0}.Debug|x86.Build.0 = Debug|Any CPU
		{AE069CF9-3122-4D69-BD33-72E21F14F6C0}.Release|Any CPU.ActiveCfg = Release|Any CPU
		{AE069CF9-3122-4D69-BD33-72E21F14F6C0}.Release|Any CPU.Build.0 = Release|Any CPU
		{AE069CF9-3122-4D69-BD33-72E21F14F6C0}.Release|x64.ActiveCfg = Release|Any CPU
		{AE069CF9-3122-4D69-BD33-72E21F14F6C0}.Release|x64.Build.0 = Release|Any CPU
		{AE069CF9-3122-4D69-BD33-72E21F14F6C0}.Release|x86.ActiveCfg = Release|Any CPU
		{AE069CF9-3122-4D69-BD33-72E21F14F6C0}.Release|x86.Build.0 = Release|Any CPU
	EndGlobalSection
EndGlobal
